
Microsoft Visual Studio Solution File, Format Version 12.00
# Visual Studio 2013
VisualStudioVersion = 12.0.31101.0
MinimumVisualStudioVersion = 10.0.40219.1
Project("{FAE04EC0-301F-11D3-BF4B-00C04F79EFBC}") = "GLD.EDItoJSON.Parser", "GLD.EDItoJSON.Parser\GLD.EDItoJSON.Parser.csproj", "{673B35BF-FBAA-473E-99F4-D903661B4B10}"
EndProject
Project("{FAE04EC0-301F-11D3-BF4B-00C04F79EFBC}") = "GLD.EDItoJSON.Model", "GLD.EDItoJSON.Model\GLD.EDItoJSON.Model.csproj", "{9CB1CE83-91F5-4639-A2D8-9B112D76B8E3}"
EndProject
Project("{2150E333-8FDC-42A3-9474-1A3956D46DE8}") = "Tests", "Tests", "{1C7247FB-D137-4EDB-BBFC-C730236B345F}"
EndProject
Project("{FAE04EC0-301F-11D3-BF4B-00C04F79EFBC}") = "UnitTests", "Tests\UnitTests\UnitTests.csproj", "{460F2573-6C5D-4BD1-B712-75E04DCE7004}"
EndProject
Project("{FAE04EC0-301F-11D3-BF4B-00C04F79EFBC}") = "GLD.EDItoJSON.ErrorHandling", "GLD.EDItoJSON.ErrorHandling\GLD.EDItoJSON.ErrorHandling.csproj", "{5366C4F7-5B8A-4393-8499-5447781BA41C}"
EndProject
Project("{FAE04EC0-301F-11D3-BF4B-00C04F79EFBC}") = "GLD.EDItoJSON.IOProvider", "IOProvider\GLD.EDItoJSON.IOProvider.csproj", "{2CCB92B3-D45B-4131-9C46-2786656C8F1B}"
EndProject
Global
	GlobalSection(SolutionConfigurationPlatforms) = preSolution
		Debug|Any CPU = Debug|Any CPU
		Release|Any CPU = Release|Any CPU
	EndGlobalSection
	GlobalSection(ProjectConfigurationPlatforms) = postSolution
		{673B35BF-FBAA-473E-99F4-D903661B4B10}.Debug|Any CPU.ActiveCfg = Debug|Any CPU
		{673B35BF-FBAA-473E-99F4-D903661B4B10}.Debug|Any CPU.Build.0 = Debug|Any CPU
		{673B35BF-FBAA-473E-99F4-D903661B4B10}.Release|Any CPU.ActiveCfg = Release|Any CPU
		{673B35BF-FBAA-473E-99F4-D903661B4B10}.Release|Any CPU.Build.0 = Release|Any CPU
		{9CB1CE83-91F5-4639-A2D8-9B112D76B8E3}.Debug|Any CPU.ActiveCfg = Debug|Any CPU
		{9CB1CE83-91F5-4639-A2D8-9B112D76B8E3}.Debug|Any CPU.Build.0 = Debug|Any CPU
		{9CB1CE83-91F5-4639-A2D8-9B112D76B8E3}.Release|Any CPU.ActiveCfg = Release|Any CPU
		{9CB1CE83-91F5-4639-A2D8-9B112D76B8E3}.Release|Any CPU.Build.0 = Release|Any CPU
		{460F2573-6C5D-4BD1-B712-75E04DCE7004}.Debug|Any CPU.ActiveCfg = Debug|Any CPU
		{460F2573-6C5D-4BD1-B712-75E04DCE7004}.Debug|Any CPU.Build.0 = Debug|Any CPU
		{460F2573-6C5D-4BD1-B712-75E04DCE7004}.Release|Any CPU.ActiveCfg = Release|Any CPU
		{460F2573-6C5D-4BD1-B712-75E04DCE7004}.Release|Any CPU.Build.0 = Release|Any CPU
		{5366C4F7-5B8A-4393-8499-5447781BA41C}.Debug|Any CPU.ActiveCfg = Debug|Any CPU
		{5366C4F7-5B8A-4393-8499-5447781BA41C}.Debug|Any CPU.Build.0 = Debug|Any CPU
		{5366C4F7-5B8A-4393-8499-5447781BA41C}.Release|Any CPU.ActiveCfg = Release|Any CPU
		{5366C4F7-5B8A-4393-8499-5447781BA41C}.Release|Any CPU.Build.0 = Release|Any CPU
		{2CCB92B3-D45B-4131-9C46-2786656C8F1B}.Debug|Any CPU.ActiveCfg = Debug|Any CPU
		{2CCB92B3-D45B-4131-9C46-2786656C8F1B}.Debug|Any CPU.Build.0 = Debug|Any CPU
		{2CCB92B3-D45B-4131-9C46-2786656C8F1B}.Release|Any CPU.ActiveCfg = Release|Any CPU
		{2CCB92B3-D45B-4131-9C46-2786656C8F1B}.Release|Any CPU.Build.0 = Release|Any CPU
	EndGlobalSection
	GlobalSection(SolutionProperties) = preSolution
		HideSolutionNode = FALSE
	EndGlobalSection
	GlobalSection(NestedProjects) = preSolution
		{460F2573-6C5D-4BD1-B712-75E04DCE7004} = {1C7247FB-D137-4EDB-BBFC-C730236B345F}
	EndGlobalSection
EndGlobal
